
Microsoft Visual Studio Solution File, Format Version 12.00
# Visual Studio Version 17
VisualStudioVersion = 17.5.002.0
MinimumVisualStudioVersion = 10.0.40219.1
Project("{9A19103F-16F7-4668-BE54-9A1E7A4F7556}") = "hocvieccuccang", "hocvieccuccang.csproj", "{BFD3ED9A-8BAE-4C6A-BA84-0AD31A3242A3}"
EndProject
Global
	GlobalSection(SolutionConfigurationPlatforms) = preSolution
		Debug|Any CPU = Debug|Any CPU
		Release|Any CPU = Release|Any CPU
	EndGlobalSection
	GlobalSection(ProjectConfigurationPlatforms) = postSolution
		{BFD3ED9A-8BAE-4C6A-BA84-0AD31A3242A3}.Debug|Any CPU.ActiveCfg = Debug|Any CPU
		{BFD3ED9A-8BAE-4C6A-BA84-0AD31A3242A3}.Debug|Any CPU.Build.0 = Debug|Any CPU
		{BFD3ED9A-8BAE-4C6A-BA84-0AD31A3242A3}.Release|Any CPU.ActiveCfg = Release|Any CPU
		{BFD3ED9A-8BAE-4C6A-BA84-0AD31A3242A3}.Release|Any CPU.Build.0 = Release|Any CPU
	EndGlobalSection
	GlobalSection(SolutionProperties) = preSolution
		HideSolutionNode = FALSE
	EndGlobalSection
	GlobalSection(ExtensibilityGlobals) = postSolution
		SolutionGuid = {D02F801E-AEF0-43EE-B52B-FAB798C281B6}
	EndGlobalSection
EndGlobal
